{
    "_readme": [
        "This file locks the dependencies of your project to a known state",
        "Read more about it at https://getcomposer.org/doc/01-basic-usage.md#composer-lock-the-lock-file",
        "This file is @generated automatically"
    ],
    "content-hash": "deee3cb5caf2c9730bac121a918e54f2",
    "packages": [
        {
            "name": "uno/uno-package",
            "version": "dev-master",
            "source": {
                "type": "git",
                "url": "https://github.com/cjkoepke/uno-package.git",
                "reference": "face4572a8c40095503f8e105557d754078eb651"
            },
            "dist": {
                "type": "zip",
                "url": "https://api.github.com/repos/cjkoepke/uno-package/zipball/face4572a8c40095503f8e105557d754078eb651",
                "reference": "face4572a8c40095503f8e105557d754078eb651",
                "shasum": ""
            },
            "require": {
                "php": ">=5.3.0"
            },
            "type": "package",
            "notification-url": "https://packagist.org/downloads/",
            "license": [
                "AGPL-3.0-or-later"
            ],
            "authors": [
                {
                    "name": "Calvin Koepke",
                    "email": "hello@calvinkoepke.com",
                    "role": "Developer"
                },
                {
                    "name": "Rafal Tomal",
                    "email": "rafal@rafaltomal.com",
                    "role": "Designer"
                }
            ],
            "description": "A free, powerful, developer package for Composer-based WordPress themes that use the Genesis Framework.",
            "time": "2018-02-20T18:24:18+00:00"
        }
    ],
    "packages-dev": [],
    "aliases": [],
    "minimum-stability": "stable",
    "stability-flags": {
        "uno/uno-package": 20
    },
    "prefer-stable": false,
    "prefer-lowest": false,
    "platform": [],
    "platform-dev": []
}
